
Microsoft Visual Studio Solution File, Format Version 12.00
# Visual Studio Version 16
VisualStudioVersion = 16.0.30413.136
MinimumVisualStudioVersion = 10.0.40219.1
Project("{FAE04EC0-301F-11D3-BF4B-00C04F79EFBC}") = "AgileEngine_BE", "AgileEngine\AgileEngine_BE.csproj", "{BC4CA4CB-EDA2-415B-8247-A14EA2D27882}"
EndProject
Project("{FAE04EC0-301F-11D3-BF4B-00C04F79EFBC}") = "AgileEngineBEServices", "AgileEngineBEServices\AgileEngineBEServices.csproj", "{23C99929-79BE-452F-B123-9FC448C64177}"
EndProject
Global
	GlobalSection(SolutionConfigurationPlatforms) = preSolution
		Debug|Any CPU = Debug|Any CPU
		Release|Any CPU = Release|Any CPU
	EndGlobalSection
	GlobalSection(ProjectConfigurationPlatforms) = postSolution
		{BC4CA4CB-EDA2-415B-8247-A14EA2D27882}.Debug|Any CPU.ActiveCfg = Debug|Any CPU
		{BC4CA4CB-EDA2-415B-8247-A14EA2D27882}.Debug|Any CPU.Build.0 = Debug|Any CPU
		{BC4CA4CB-EDA2-415B-8247-A14EA2D27882}.Release|Any CPU.ActiveCfg = Release|Any CPU
		{BC4CA4CB-EDA2-415B-8247-A14EA2D27882}.Release|Any CPU.Build.0 = Release|Any CPU
		{23C99929-79BE-452F-B123-9FC448C64177}.Debug|Any CPU.ActiveCfg = Debug|Any CPU
		{23C99929-79BE-452F-B123-9FC448C64177}.Debug|Any CPU.Build.0 = Debug|Any CPU
		{23C99929-79BE-452F-B123-9FC448C64177}.Release|Any CPU.ActiveCfg = Release|Any CPU
		{23C99929-79BE-452F-B123-9FC448C64177}.Release|Any CPU.Build.0 = Release|Any CPU
	EndGlobalSection
	GlobalSection(SolutionProperties) = preSolution
		HideSolutionNode = FALSE
	EndGlobalSection
	GlobalSection(ExtensibilityGlobals) = postSolution
		SolutionGuid = {27A3E467-A3A2-4BC1-8700-BE65BD6B74E8}
	EndGlobalSection
EndGlobal
